PODS:
  - Alamofire (4.7.0)
  - AlamofireImage (3.3.0):
    - Alamofire (~> 4.5)
  - AlamofireObjectMapper (5.0.0):
    - Alamofire (~> 4.1)
    - ObjectMapper (~> 3.0)
  - Eureka (4.1.1)
  - EZSwiftExtensions (1.11)
  - ObjectMapper (3.1.0)
  - RangeSeekSlider (1.7.0)
  - Realm (3.3.0):
    - Realm/Headers (= 3.3.0)
  - Realm/Headers (3.3.0)
  - RealmSwift (3.3.0):
    - Realm (= 3.3.0)
  - RxCocoa (4.1.2):
    - RxSwift (~> 4.0)
  - RxRealm (0.7.5):
    - RealmSwift (~> 3.0)
    - RxSwift (~> 4.0)
  - RxSwift (4.1.2)
  - RxSwiftExt (3.2.0):
    - RxSwiftExt/Core (= 3.2.0)
  - RxSwiftExt/Core (3.2.0):
    - RxSwift (~> 4.0)
  - TSCurrencyTextField (0.1.0):
    - TSCurrencyTextField/Core (= 0.1.0)
  - TSCurrencyTextField/Core (0.1.0)
  - UIScrollView-InfiniteScroll (1.0.2)

DEPENDENCIES:
  - Alamofire
  - AlamofireImage
  - AlamofireObjectMapper
  - Eureka
  - EZSwiftExtensions
  - ObjectMapper
  - RangeSeekSlider
  - Realm
  - RxCocoa
  - RxRealm
  - RxSwift
  - RxSwiftExt
  - TSCurrencyTextField
  - UIScrollView-InfiniteScroll

SPEC CHECKSUMS:
  Alamofire: 907e0a98eb68cdb7f9d1f541a563d6ac5dc77b25
  AlamofireImage: 2e784dc5d00f04903a52c1d169181469c805c3df
  AlamofireObjectMapper: 5fafc816351cbbc0d486611aaeba7461c0cbad49
  Eureka: b88fb930e42c79f8c03c373d0fcdc28c1d6c50ed
  EZSwiftExtensions: 84000042202d9fd574f626cda3064143f27fa767
  ObjectMapper: 20505058f54e5c3ca69e1d6de9897d152a5369a6
  RangeSeekSlider: 0386c5a9aa5ebcb2fa5238e8a627280cf46c7c0a
  Realm: 7d74ad6c5020432f58fe5e1df90bb6d97b2c7fef
  RealmSwift: b2fa31a09c22e246026766557405505eeaad2b01
  RxCocoa: d88ba0f1f6abf040011a9eb4b539324fc426843a
  RxRealm: a6c6c0a07cb61f34209969ca6657734edfdfff30
  RxSwift: e49536837d9901277638493ea537394d4b55f570
  RxSwiftExt: 64b7140124629a6a084159735f3714f0fb1c61d6
  TSCurrencyTextField: 03f9d4d263d617d1f0e034e4ace12febcfa6fe48
  UIScrollView-InfiniteScroll: c132d6d5851daff229ab4a1060ccf70a05a051c9

PODFILE CHECKSUM: f44cdab16c6f3c84986e3c000e2aa8551f7729bf

COCOAPODS: 1.4.0
